{
  "lockfileVersion": 2,
  "configVersion": 1,
  "workspaces": {
    "": {
      "name": "herdr-mobile",
      "dependencies": {
        "@preact/signals": "^2.11.3",
        "highlight.js": "^11.12.0",
        "marked": "^18.1.0",
        "preact": "^11.0.1",
        "uqr": "^0.1.3",
      },
      "devDependencies": {
        "@stylistic/eslint-plugin": "^5.10.0",
        "@types/bun": "^1.4.2",
        "rstack": "^0.8.1",
        "typescript": "^7.0.2",
      },
    },
  },
  "packages": {
    "@ast-grep/napi": ["@ast-grep/napi@0.45.3", "", { "optionalDependencies": { "@ast-grep/napi-darwin-arm64": "0.45.3", "@ast-grep/napi-darwin-x64": "0.45.3", "@ast-grep/napi-linux-arm64-gnu": "0.45.3", "@ast-grep/napi-linux-arm64-musl": "0.45.3", "@ast-grep/napi-linux-x64-gnu": "0.45.3", "@ast-grep/napi-linux-x64-musl": "0.45.3", "@ast-grep/napi-win32-arm64-msvc": "0.45.3", "@ast-grep/napi-win32-ia32-msvc": "0.45.3", "@ast-grep/napi-win32-x64-msvc": "0.45.3" } }, "sha512-bjJsUt0g3UCwbn9bjv7MnoR15rszSm79yPCXn4DWWK0NuYUUqBU/srtNMR4WnpfR7TnfBRdYFoqSNx0pGCNWJg=="],

    "@ast-grep/napi-darwin-arm64": ["@ast-grep/napi-darwin-arm64@0.45.3", "", { "os": "darwin", "cpu": "arm64" }, "sha512-rMZJ6frSpR/xSbeV4hiA9WR5hHqk3rVYX8lOqEoUCaUnjEuFXvHdGN4WawJ8pVDq/IqM1UnTtsDSYgUdVmO5DA=="],

    "@ast-grep/napi-darwin-x64": ["@ast-grep/napi-darwin-x64@0.45.3", "", { "os": "darwin", "cpu": "x64" }, "sha512-tIclZ5pM+YSgk8NNTBoTkaclbS39cU5lbVfSrFWX4LUnxXfUPG+F+ppxyFjKwJTBELsGHEO4LdX3/Lc+FDwPNA=="],

    "@ast-grep/napi-linux-arm64-gnu": ["@ast-grep/napi-linux-arm64-gnu@0.45.3", "", { "os": "linux", "cpu": "arm64" }, "sha512-Bm8F7/oRHQkDXbjH+gBi9oB5huJ0q12r/AIOMIypf5PWlAVvh206Tsw468phw4Oh6kd4Ad1Z+gflNW1MutgK2g=="],

    "@ast-grep/napi-linux-arm64-musl": ["@ast-grep/napi-linux-arm64-musl@0.45.3", "", { "os": "linux", "cpu": "arm64" }, "sha512-yr5xcRerV41GeRxmZ8SKbfGeyZRhQePoNNCgTAb4OrWMelWwbMI80aY7/IlF2bo1sN40BSW4hZdGIO/akTd1RQ=="],

    "@ast-grep/napi-linux-x64-gnu": ["@ast-grep/napi-linux-x64-gnu@0.45.3", "", { "os": "linux", "cpu": "x64" }, "sha512-lluRK3hxfHMQdFuVID6seAKVx4FH0kEwF6rCh5/I40Sf3EtNR2UCBXAqd6RBA6hqlSckktvBxCfw+h4aescDmg=="],

    "@ast-grep/napi-linux-x64-musl": ["@ast-grep/napi-linux-x64-musl@0.45.3", "", { "os": "linux", "cpu": "x64" }, "sha512-09wJQKq86LqILqQtw0+X09SzhcPwUnMVFKyia7S3XLbLqSeQpAMF55Y+zll53JRQ1dCzFEZJyvTT/7j9vwfE3w=="],

    "@ast-grep/napi-win32-arm64-msvc": ["@ast-grep/napi-win32-arm64-msvc@0.45.3", "", { "os": "win32", "cpu": "arm64" }, "sha512-/HiVgw2cdtzXLDLoG4eBBcauekNXewfagy7qiVbjkVu/KcCH8dJ9lpj8DzeWwuBNtZxuD8jpiwP0M1pz3Bc3uw=="],

    "@ast-grep/napi-win32-ia32-msvc": ["@ast-grep/napi-win32-ia32-msvc@0.45.3", "", { "os": "win32", "cpu": "ia32" }, "sha512-/gwJrJQUw65uNtAFcG2rtSTr117Gqqy3bfjaljCPKsa65dTeRcMMnjKLlZ6V9/g8z+4Xf78kdhp5ECbir4yfSw=="],

    "@ast-grep/napi-win32-x64-msvc": ["@ast-grep/napi-win32-x64-msvc@0.45.3", "", { "os": "win32", "cpu": "x64" }, "sha512-CEZAMAsaDoQoVE3MT2c/ry3/ydfyaqlTjxv8DK5PG355SrdAYPgevGC2Me6tz4dhphJin89Y20VsnrS5UrYV5Q=="],

    "@cacheable/memory": ["@cacheable/memory@2.2.0", "", { "dependencies": { "@cacheable/utils": "^2.5.0", "@keyv/bigmap": "^1.3.1", "hookified": "^1.15.1", "keyv": "^5.6.0" } }, "sha512-CTLKqLItRCEixEAewD3/j9DB3/o96gpTPD4eJ1v+DGOlxZRZncRQkGYqqnAGCscYd6RNeXfGeiuCphsPtqyIfQ=="],

    "@cacheable/utils": ["@cacheable/utils@2.5.0", "", { "dependencies": { "hashery": "^1.5.1", "keyv": "^5.6.0" } }, "sha512-buipgOVDkkPXNR5+xBpDw7Zk2n1EvU7qBJCNUcL7rhQ//kfpOXPAvQ511Os0vpLYJ1pZnvudNytkQt2hst3wqA=="],

    "@emnapi/core": ["@emnapi/core@1.11.3", "", { "dependencies": { "@emnapi/wasi-threads": "1.2.3", "tslib": "^2.4.0" } }, "sha512-zLpS5asjEb7lq8jYLq37N6XKaE41DIexlY1rF/z4/tIl3wo13Sqm28fRyfIsKZD+NZ8mM5RoKkpW/rBcuoSZSg=="],

    "@emnapi/runtime": ["@emnapi/runtime@1.11.3", "", { "dependencies": { "tslib": "^2.4.0" } }, "sha512-Xz4Tpyki7XyrpbUK1jR1AhdAdaXyhhY4lZ3neLodmhpuWfy2PAQN5B46sAiU4liOXGLkHypn/qU+jvfWSCYYLA=="],

    "@emnapi/wasi-threads": ["@emnapi/wasi-threads@1.2.3", "", { "dependencies": { "tslib": "^2.4.0" } }, "sha512-ELEBe8PsLvvJ6QMr0zLt8ffvOHW/dc1m3CEzNMg7aJUv3bMaoDtw2TXyDAwkYBuroxxuHEwhRTLJSe5sya547g=="],

    "@eslint-community/eslint-utils": ["@eslint-community/eslint-utils@4.10.1", "", { "dependencies": { "eslint-visitor-keys": "^3.4.3" }, "peerDependencies": { "eslint": "^6.0.0 || ^7.0.0 || >=8.0.0" } }, "sha512-cuadcxVFE8sDK6iWJbs8Sn0av2Nrh2QSGQhVlBW9AaAHqHwjWsZHT8LJ4hFGPh7ASBV2deFdM7H/DPjulmh8rg=="],

    "@eslint-community/regexpp": ["@eslint-community/regexpp@4.12.2", "", {}, "sha512-EriSTlt5OC9/7SXkRSCAhfSxxoSUgBm33OH+IkwbdpgoqsSsUg7y3uh+IICI/Qg4BBWr3U2i39RpmycbxMq4ew=="],

    "@eslint/config-array": ["@eslint/config-array@0.23.5", "", { "dependencies": { "@eslint/object-schema": "^3.0.5", "debug": "^4.3.1", "minimatch": "^10.2.4" } }, "sha512-Y3kKLvC1dvTOT+oGlqNQ1XLqK6D1HU2YXPc52NmAlJZbMMWDzGYXMiPRJ8TYD39muD/OTjlZmNJ4ib7dvSrMBA=="],

    "@eslint/config-helpers": ["@eslint/config-helpers@0.7.0", "", { "dependencies": { "@eslint/core": "^1.2.1" } }, "sha512-DObd/KKUsU+FaFv4PLxSRenpXfQWmPXXP3pPZ6/K1PCrMu2vQpMDMuQe/BqYeoLcz8ro0bVDF1RxOJgfVEdhUw=="],

    "@eslint/core": ["@eslint/core@1.2.1", "", { "dependencies": { "@types/json-schema": "^7.0.15" } }, "sha512-MwcE1P+AZ4C6DWlpin/OmOA54mmIZ/+xZuJiQd4SyB29oAJjN30UW9wkKNptW2ctp4cEsvhlLY/CsQ1uoHDloQ=="],

    "@eslint/object-schema": ["@eslint/object-schema@3.0.5", "", {}, "sha512-vqTaUEgxzm+YDSdElad6PiRoX4t8VGDjCtt05zn4nU810UIx/uNEV7/lZJ6KwFThKZOzOxzXy48da+No7HZaMw=="],

    "@eslint/plugin-kit": ["@eslint/plugin-kit@0.7.3", "", { "dependencies": { "@eslint/core": "^1.2.1", "levn": "^0.4.1" } }, "sha512-IkO+/KEUvwbVpiURZg+P7zF74z5Jxe0UgJxVni+RtoHQ6IZieXaO02kmadomap/q+l6bc/jdPGGqTjhuZnuz1Q=="],

    "@humanfs/core": ["@humanfs/core@0.19.2", "", { "dependencies": { "@humanfs/types": "^0.15.0" } }, "sha512-UhXNm+CFMWcbChXywFwkmhqjs3PRCmcSa/hfBgLIb7oQ5HNb1wS0icWsGtSAUNgefHeI+eBrA8I1fxmbHsGdvA=="],

    "@humanfs/node": ["@humanfs/node@0.16.8", "", { "dependencies": { "@humanfs/core": "^0.19.2", "@humanfs/types": "^0.15.0", "@humanwhocodes/retry": "^0.4.0" } }, "sha512-gE1eQNZ3R++kTzFUpdGlpmy8kDZD/MLyHqDwqjkVQI0JMdI1D51sy1H958PNXYkM2rAac7e5/CnIKZrHtPh3BQ=="],

    "@humanfs/types": ["@humanfs/types@0.15.0", "", {}, "sha512-ZZ1w0aoQkwuUuC7Yf+7sdeaNfqQiiLcSRbfI08oAxqLtpXQr9AIVX7Ay7HLDuiLYAaFPu8oBYNq/QIi9URHJ3Q=="],

    "@humanwhocodes/module-importer": ["@humanwhocodes/module-importer@1.0.1", "", {}, "sha512-bxveV4V8v5Yb4ncFTT3rPSgZBOpCkjfK0y4oVVVJwIuDVBRMDXrPyXRL988i5ap9m9bnyEEjWfm5WkBmtffLfA=="],

    "@humanwhocodes/retry": ["@humanwhocodes/retry@0.4.3", "", {}, "sha512-bV0Tgo9K4hfPCek+aMAn81RppFKv2ySDQeMoSZuvTASywNTnVJCArCZE2FWqpvIatKu7VMRLWlR1EazvVhDyhQ=="],

    "@keyv/bigmap": ["@keyv/bigmap@1.3.1", "", { "dependencies": { "hashery": "^1.4.0", "hookified": "^1.15.0" }, "peerDependencies": { "keyv": "^5.6.0" } }, "sha512-WbzE9sdmQtKy8vrNPa9BRnwZh5UF4s1KTmSK0KUVLo3eff5BlQNNWDnFOouNpKfPKDnms9xynJjsMYjMaT/aFQ=="],

    "@keyv/serialize": ["@keyv/serialize@1.1.1", "", {}, "sha512-dXn3FZhPv0US+7dtJsIi2R+c7qWYiReoEh5zUntWCf4oSpMNib8FDhSoed6m3QyZdx5hK7iLFkYk3rNxwt8vTA=="],

    "@napi-rs/wasm-runtime": ["@napi-rs/wasm-runtime@1.1.6", "", { "dependencies": { "@tybys/wasm-util": "^0.10.3" }, "peerDependencies": { "@emnapi/core": "^1.7.1", "@emnapi/runtime": "^1.7.1" } }, "sha512-ZLv/JdUfkvOy9eCnnBaGfiO+XimbjebAeO+MRQqD/B+FR1tnRN0tpKSJHRbE8sFfS6aqsXZ67TQjfwfsxULVbg=="],

    "@preact/signals": ["@preact/signals@2.11.3", "", { "dependencies": { "@preact/signals-core": "^1.14.4" }, "peerDependencies": { "preact": ">= 10.25.0 || >=11.0.0-0" } }, "sha512-mttwFM98G/JiriTgMwU+UWygL6sfVmYEiNcPSKkUnv4PxPpZhmP2ugGC4qi360+ZIHyQ8NY05bfJT3b4RUIGlw=="],

    "@preact/signals-core": ["@preact/signals-core@1.14.4", "", {}, "sha512-HNB6HYeYKhQbJ1aKl+YRjrS4+QWHLKX6qKoUsfS/m0vqzsVaEBiZiaKbG/e+NKk2ch5ALQr/ihWaMHxiCuuWHA=="],

    "@rsbuild/core": ["@rsbuild/core@2.2.12", "", { "dependencies": { "@rspack/core": "~2.2.8", "@swc/helpers": "^0.5.23" }, "peerDependencies": { "core-js": ">= 3.0.0" }, "optionalPeers": ["core-js"], "bin": { "rsbuild": "./bin/rsbuild.js" } }, "sha512-SnJ81Jf9ZGms8hUq0FGxrqlUxdHKV76VK9gxrEdtWLbTic+qRt0SIAsk5NdIr1tXFzqzQ6Fqeffs+K1EUuZEHw=="],

    "@rslib/core": ["@rslib/core@1.0.3", "", { "dependencies": { "@rsbuild/core": "~2.2.11", "rsbuild-plugin-dts": "1.0.3" }, "peerDependencies": { "@microsoft/api-extractor": "^7", "typescript": "^5 || ^6 || ^7" }, "optionalPeers": ["@microsoft/api-extractor", "typescript"], "bin": { "rslib": "./bin/rslib.js" } }, "sha512-a5IZiyf9sNeeE9jcTsTmz16vxcThpbOSJg0BZXzJAxrUFOZX5xG25PJua9hr0LDWGryBX2UQTruVsLQ8BCpqng=="],

    "@rslint/core": ["@rslint/core@0.9.3", "", { "dependencies": { "picomatch": "^4.0.5" }, "optionalDependencies": { "@rslint/native-darwin-arm64": "0.9.3", "@rslint/native-darwin-x64": "0.9.3", "@rslint/native-linux-arm64-gnu": "0.9.3", "@rslint/native-linux-arm64-musl": "0.9.3", "@rslint/native-linux-x64-gnu": "0.9.3", "@rslint/native-linux-x64-musl": "0.9.3", "@rslint/native-win32-arm64-msvc": "0.9.3", "@rslint/native-win32-x64-msvc": "0.9.3" }, "peerDependencies": { "jiti": "^2.7.0" }, "optionalPeers": ["jiti"], "bin": { "rslint": "bin/rslint.js" } }, "sha512-V73vWrKwVKh6thEoU4quObGVyu9NPnfy9GP0pEOEkuvqQzX5jbr0/9/fpMXutDmJ1+pTJUADrvNwPShk26htDQ=="],

    "@rslint/native-darwin-arm64": ["@rslint/native-darwin-arm64@0.9.3", "", { "os": "darwin", "cpu": "arm64" }, "sha512-TyBgSPY8Gs3I5ViYfzmo/zFbwvD+YjgKOOvugVQPVjzTjUbRTlAhowNbdvZHPm6pQywyXfhj7sx/kZsgRdxEnw=="],

    "@rslint/native-darwin-x64": ["@rslint/native-darwin-x64@0.9.3", "", { "os": "darwin", "cpu": "x64" }, "sha512-N25Frs0Cal33qGhf/AtgZrIoIx+MQT4oAt4gpl6A60sus1aif0dhVsRn1+Y6mSnBdmk/x6VVZPa35OKCfpYSuQ=="],

    "@rslint/native-linux-arm64-gnu": ["@rslint/native-linux-arm64-gnu@0.9.3", "", { "os": "linux", "cpu": "arm64" }, "sha512-CMMkzljWd0pzwxPGZ770eDNcpmfJwkS3avXdU2YaioUiTJZVaPvQV5bPlAmMxF2DHzMi6ChcbDM3+b4fjhCqBA=="],

    "@rslint/native-linux-arm64-musl": ["@rslint/native-linux-arm64-musl@0.9.3", "", { "os": "linux", "cpu": "arm64" }, "sha512-QfTRzUDDz8Off6rnMpdqrpat/lLYUA+f12Allg3i/hpU6QGiZbCIo27qN/lHziMmR2yia5X8210KKgkIgI2nOg=="],

    "@rslint/native-linux-x64-gnu": ["@rslint/native-linux-x64-gnu@0.9.3", "", { "os": "linux", "cpu": "x64" }, "sha512-1jVbwGPBc8fRj/q08HSj3dN0Pe76vrL6kUCZwFvpuHqzflSNbGluWijnN5FGABDi2hHK5irSDEq5vQgVcLD11Q=="],

    "@rslint/native-linux-x64-musl": ["@rslint/native-linux-x64-musl@0.9.3", "", { "os": "linux", "cpu": "x64" }, "sha512-aoqCFE7H4KwgXaznbnJGq68x0wbTGmY7tlJJY3sxrcESDBhaRKbjyv+V1qlH+8luuv9QTR59O6sB8j2vEZu5SA=="],

    "@rslint/native-win32-arm64-msvc": ["@rslint/native-win32-arm64-msvc@0.9.3", "", { "os": "win32", "cpu": "arm64" }, "sha512-MlgCPzMdcUUB39EOQvLBkUKQHCxzN5/SdfWTVxOd2bAOz9DB3ujZMn/dFLzoTeu31RSI9GU2T5P804j3opQUEA=="],

    "@rslint/native-win32-x64-msvc": ["@rslint/native-win32-x64-msvc@0.9.3", "", { "os": "win32", "cpu": "x64" }, "sha512-6DpUR1hb4ca/PpCLl8s4X+shtV3m91lp/UlG6anxwo5nzcpcjMSNW10rZG13cl6SED262kyxdP88LaEEzotGmQ=="],

    "@rspack/binding": ["@rspack/binding@2.2.8", "", { "optionalDependencies": { "@rspack/binding-darwin-arm64": "2.2.8", "@rspack/binding-darwin-x64": "2.2.8", "@rspack/binding-linux-arm64-gnu": "2.2.8", "@rspack/binding-linux-arm64-musl": "2.2.8", "@rspack/binding-linux-ppc64-gnu": "2.2.8", "@rspack/binding-linux-riscv64-gnu": "2.2.8", "@rspack/binding-linux-riscv64-musl": "2.2.8", "@rspack/binding-linux-s390x-gnu": "2.2.8", "@rspack/binding-linux-x64-gnu": "2.2.8", "@rspack/binding-linux-x64-musl": "2.2.8", "@rspack/binding-wasm32-wasi": "2.2.8", "@rspack/binding-win32-arm64-msvc": "2.2.8", "@rspack/binding-win32-ia32-msvc": "2.2.8", "@rspack/binding-win32-x64-msvc": "2.2.8" } }, "sha512-c9flkSua3khHnOKBCRk8BkHGOwU9YB7niv+5JfQXiLZIvJmgKsZ7PD8QrFklMhsJT3oVAc6c9GN7/wy1YkACjA=="],

    "@rspack/binding-darwin-arm64": ["@rspack/binding-darwin-arm64@2.2.8", "", { "os": "darwin", "cpu": "arm64" }, "sha512-d6GuY/k7kJk7SOXmruIz0m+2fIXaLv2SnBHEYsbvBzE7ZO6QXq7fSABWFWNnSnNu+brYHA5Dr/skV81bXgTTCw=="],

    "@rspack/binding-darwin-x64": ["@rspack/binding-darwin-x64@2.2.8", "", { "os": "darwin", "cpu": "x64" }, "sha512-xCVou/jJASjEAjwy1T3hPJcJqA5QZASJfUwHqEk+nA0v44MagwH8tM8lsOvRfhzR7N2+YFac1rfZOUT8uM3awg=="],

    "@rspack/binding-linux-arm64-gnu": ["@rspack/binding-linux-arm64-gnu@2.2.8", "", { "os": "linux", "cpu": "arm64" }, "sha512-Zy/ss6YAQTjOWKDkcWrbKtu+pySltqT22wn68nlrWKygPWLNmMdU5anlsnwRTIuQ3MF0YJRS42ARauVtlqvRQw=="],

    "@rspack/binding-linux-arm64-musl": ["@rspack/binding-linux-arm64-musl@2.2.8", "", { "os": "linux", "cpu": "arm64" }, "sha512-lxgp5O8PhL3St9p82llHoNoeWzp9jltW5S9F00p00XPJZHUIuxbwfLSzn/6Wg86USEmafLoBkyD9CM8rBd3SNQ=="],

    "@rspack/binding-linux-ppc64-gnu": ["@rspack/binding-linux-ppc64-gnu@2.2.8", "", { "os": "linux", "cpu": "ppc64" }, "sha512-MY+YqpT02tcDCMgHy+IewQsaz7ql4mbJaAqqMlTIqvQwAUl9dXEP7BL352OgCxm9VRebTldE5lK99A3wVd3zqA=="],

    "@rspack/binding-linux-riscv64-gnu": ["@rspack/binding-linux-riscv64-gnu@2.2.8", "", { "os": "linux", "cpu": "none" }, "sha512-wmN9OigSGNGCKY+AOYaWI8LJcIi8qvs5KjueBueCKOnTV6MPIEujA75QZH1pehTTYKvdGv7r2EtUXUmWpn7/SQ=="],

    "@rspack/binding-linux-riscv64-musl": ["@rspack/binding-linux-riscv64-musl@2.2.8", "", { "os": "linux", "cpu": "none" }, "sha512-ZcQMYR10hLh581zs9MFnFFn0F7wyt5fkDffyukeMHJEoPJrbkfl6cQtsUdpQnZ+mYGYS5KydD1DT9/eMH65jjw=="],

    "@rspack/binding-linux-s390x-gnu": ["@rspack/binding-linux-s390x-gnu@2.2.8", "", { "os": "linux", "cpu": "s390x" }, "sha512-ahBiE+Ir1FMYvStYicihhSJlS2YRagxtry0jWH8zW287o7C0eiHJ+pteJHHC15T5RJqm0j6w5TuwYe+F9AYxxg=="],

    "@rspack/binding-linux-x64-gnu": ["@rspack/binding-linux-x64-gnu@2.2.8", "", { "os": "linux", "cpu": "x64" }, "sha512-dncEI515NoPXh3zzWk06Rb3mhSV76myiFKqXiJ8K4fVAe5x/RlweMhvPhHhm7RnIMeBld7BeStzOqj38XFsWGA=="],

    "@rspack/binding-linux-x64-musl": ["@rspack/binding-linux-x64-musl@2.2.8", "", { "os": "linux", "cpu": "x64" }, "sha512-pfFyU03PjD0GaQG8zOQOHwq51rrJZetXjTGpMmz7iA1hq/f9lChJsDWrC8/7VXeQLwBofLZlOODqe8OM8OBzgA=="],

    "@rspack/binding-wasm32-wasi": ["@rspack/binding-wasm32-wasi@2.2.8", "", { "dependencies": { "@emnapi/core": "1.11.3", "@emnapi/runtime": "1.11.3", "@napi-rs/wasm-runtime": "1.1.6" }, "cpu": "none" }, "sha512-3mOJuZTrF56jOh/GD9chLMJKbzPZ6Ty2OIML7+lLz0Yk2XS/xWRfLn85Dmnkb/O6UF65x7+p8VPAIZlBtLTclw=="],

    "@rspack/binding-win32-arm64-msvc": ["@rspack/binding-win32-arm64-msvc@2.2.8", "", { "os": "win32", "cpu": "arm64" }, "sha512-Cu/RMZT/16s+67xhl6X1pswetL3GLSQl+LnugKRh08Ul21A/tR7vxC4g4aih4u9k5SXCAngxFUt8zAjKnHIBqA=="],

    "@rspack/binding-win32-ia32-msvc": ["@rspack/binding-win32-ia32-msvc@2.2.8", "", { "os": "win32", "cpu": "ia32" }, "sha512-H/erd6di8OapZhhM0raA/7XduPn9jusfLMeO1XF+AmF9WF3HzHgMjha1j+KwtPgQnaH69w6AhY+G2472VIwQmw=="],

    "@rspack/binding-win32-x64-msvc": ["@rspack/binding-win32-x64-msvc@2.2.8", "", { "os": "win32", "cpu": "x64" }, "sha512-BziHSUlIQM0MliCqdcHuBXSkQGtPoHQTXJce7fsgnTAzQFgPeog92qTNezYI4IrQ7pQouyiVJ2HPieUbVPRKQQ=="],

    "@rspack/core": ["@rspack/core@2.2.8", "", { "dependencies": { "@rspack/binding": "2.2.8" }, "peerDependencies": { "@module-federation/runtime-tools": "^0.24.1 || ^2.0.0", "@swc/helpers": "^0.5.23" }, "optionalPeers": ["@module-federation/runtime-tools", "@swc/helpers"] }, "sha512-JugsVrnbMGNYzMH++7gR9enygpP/lAo9PbVRq3XmJg0ryIvCpST0XJjBcccaSjYaaPamsjrddihmgVLMFp+yXw=="],

    "@rstackjs/cli-darwin-arm64": ["@rstackjs/cli-darwin-arm64@0.8.1", "", { "os": "darwin", "cpu": "arm64" }, "sha512-A2JzKV+BUofSyT5p+ddofXG14xMYfK/ZJP+hhi2VryEBQQbkzILh4Kk2Y2AbguSSh/8CD5uNdrZJEOqtjYd3kw=="],

    "@rstackjs/cli-darwin-x64": ["@rstackjs/cli-darwin-x64@0.8.1", "", { "os": "darwin", "cpu": "x64" }, "sha512-aI06tki2vAXHeh/ZdfQqewvzzgEU/S47WDjPkTT233jsykie+5+aunwA7ZdcqGhJMNj/8NDX/MIdMTKIVhbBUw=="],

    "@rstackjs/cli-linux-arm64-gnu": ["@rstackjs/cli-linux-arm64-gnu@0.8.1", "", { "os": "linux", "cpu": "arm64" }, "sha512-x7jPPc5Tiq66UXdWhE3AdX57wgLJNW6vjqcmWEANFXUETQFSXanvUcsU5O6r/he/anOEc3szoEs7v/1y4xw4hA=="],

    "@rstackjs/cli-linux-arm64-musl": ["@rstackjs/cli-linux-arm64-musl@0.8.1", "", { "os": "linux", "cpu": "arm64" }, "sha512-p8rXT5PQu8Yh2yoNHAEWfaaYL0D+geMR/HlkTH5K5aJUmKUUzgAll/8L+oekl9F3BzHFvWzlLHZqrk3QVa7E6Q=="],

    "@rstackjs/cli-linux-ppc64-gnu": ["@rstackjs/cli-linux-ppc64-gnu@0.8.1", "", { "os": "linux", "cpu": "ppc64" }, "sha512-LllcN1/mkiolJMbuUEbqwhHz9DE1jmrYdSza6zw7cWNny/fsZDOygb61GO56jb3YNqmZfYZnIF3KgqSsy+lBiQ=="],

    "@rstackjs/cli-linux-riscv64-gnu": ["@rstackjs/cli-linux-riscv64-gnu@0.8.1", "", { "os": "linux", "cpu": "none" }, "sha512-Jz3Q9bMhP3fFuWCPhqGQpYugaGLKDGHF0LWqWpR8BfT9XWFi40AdDZOQzMbq3IQkd9caiDsGZa/W4jSKtjTSeQ=="],

    "@rstackjs/cli-linux-riscv64-musl": ["@rstackjs/cli-linux-riscv64-musl@0.8.1", "", { "os": "linux", "cpu": "none" }, "sha512-3NcNu99Tf3+ktk5ygpbIEZ8GdSD8svm+60OD998VxfSp6KURzs0Jt5c3WVn9Zz+67s4ap+wu8m9a0fUL8tRJFQ=="],

    "@rstackjs/cli-linux-s390x-gnu": ["@rstackjs/cli-linux-s390x-gnu@0.8.1", "", { "os": "linux", "cpu": "s390x" }, "sha512-ntkoVmV8FcuRBtiSrGUHnd1+nx9a8QomEgbDI/gCQ1CmVfvcft7TS6Pi7JH41DQEYWwWuhiPNdLjoCPJO5jaJQ=="],

    "@rstackjs/cli-linux-x64-gnu": ["@rstackjs/cli-linux-x64-gnu@0.8.1", "", { "os": "linux", "cpu": "x64" }, "sha512-sBqfYo1eWX4x1dKhQN5dyzNB5YmXqGcC64CYnrkZ4/9V4qMa1o0NNNdccMeHbxXEoIllbAd6pL6lyQSntKI8yg=="],

    "@rstackjs/cli-linux-x64-musl": ["@rstackjs/cli-linux-x64-musl@0.8.1", "", { "os": "linux", "cpu": "x64" }, "sha512-uoqjggP8LykftPFRHK7rAeaHqt7YGG7bN5+Wnex9mIrCxagCNo5NXsW25Bf+dfYbX4wBhBV7ZIRuRH4RNArWMg=="],

    "@rstackjs/cli-win32-arm64-msvc": ["@rstackjs/cli-win32-arm64-msvc@0.8.1", "", { "os": "win32", "cpu": "arm64" }, "sha512-kKWcL/bf+bpPX0WmPHkrCmHFUgg3fhdbVtBzUOWFbUH2BEFp0knmF8KaJtiHs8frnos24qR2Lfb/Tu7Uap7opA=="],

    "@rstackjs/cli-win32-ia32-msvc": ["@rstackjs/cli-win32-ia32-msvc@0.8.1", "", { "os": "win32", "cpu": "ia32" }, "sha512-Xk/FgB3IzqALLJ68m9lABUBo20UGw3SoUeSujhnsCiqpPMZJXEC8pXucLzf1y3zVcVm3SGjbYVK7ptgRUtUCsg=="],

    "@rstackjs/cli-win32-x64-msvc": ["@rstackjs/cli-win32-x64-msvc@0.8.1", "", { "os": "win32", "cpu": "x64" }, "sha512-J4Pv7fbC1uEf+s5SlW0ylbg1Cp7vnaE0tIYq1GzualfQN6RLmJXpzMEMjPsgv0wSqEJVwAoU/xuExUlbWTgq/g=="],

    "@rstest/core": ["@rstest/core@0.12.3", "", { "dependencies": { "@rsbuild/core": "~2.2.11", "@types/chai": "^5.2.3", "cjs-module-lexer": "^2.2.1" }, "peerDependencies": { "happy-dom": "^20.8.3", "jsdom": ">=15.0.0" }, "optionalPeers": ["happy-dom", "jsdom"], "bin": { "rstest": "./bin/rstest.js" } }, "sha512-l548qraJA1ymaSRhftgl++HtRf4E5l0Hm8YbzcsrH0t8XIOSpAiXyhgJpeHuyM50fKcNkt1nnS532Y7QV1iwcQ=="],

    "@stylistic/eslint-plugin": ["@stylistic/eslint-plugin@5.10.0", "", { "dependencies": { "@eslint-community/eslint-utils": "^4.9.1", "@typescript-eslint/types": "^8.56.0", "eslint-visitor-keys": "^4.2.1", "espree": "^10.4.0", "estraverse": "^5.3.0", "picomatch": "^4.0.3" }, "peerDependencies": { "eslint": "^9.0.0 || ^10.0.0" } }, "sha512-nPK52ZHvot8Ju/0A4ucSX1dcPV2/1clx0kLcH5wDmrE4naKso7TUC/voUyU1O9OTKTrR6MYip6LP0ogEMQ9jPQ=="],

    "@swc-next/decoder": ["@swc-next/decoder@0.2.3", "", {}, "sha512-Y8A4fW95RT6X0bobhkt4G0RWlcDivsg3iIztg0BCXOmTOf6klCNiEEryQgvQPQmTjRioKx+AgkAGURGOmMBF4g=="],

    "@swc-next/parser": ["@swc-next/parser@0.2.3", "", { "dependencies": { "@swc-next/decoder": "0.2.3" }, "optionalDependencies": { "@swc-next/parser-binding-darwin-arm64": "0.2.3", "@swc-next/parser-binding-darwin-x64": "0.2.3", "@swc-next/parser-binding-linux-arm64-gnu": "0.2.3", "@swc-next/parser-binding-linux-arm64-musl": "0.2.3", "@swc-next/parser-binding-linux-ppc64-gnu": "0.2.3", "@swc-next/parser-binding-linux-riscv64-gnu": "0.2.3", "@swc-next/parser-binding-linux-riscv64-musl": "0.2.3", "@swc-next/parser-binding-linux-s390x-gnu": "0.2.3", "@swc-next/parser-binding-linux-x64-gnu": "0.2.3", "@swc-next/parser-binding-linux-x64-musl": "0.2.3", "@swc-next/parser-binding-win32-arm64-msvc": "0.2.3", "@swc-next/parser-binding-win32-ia32-msvc": "0.2.3", "@swc-next/parser-binding-win32-x64-msvc": "0.2.3" }, "peerDependencies": { "@swc-next/parser-binding-wasm": "0.2.3" }, "optionalPeers": ["@swc-next/parser-binding-wasm"] }, "sha512-fKx0VyiA5EkpJjBR8T3M3dHF9EBcPHFVh3Dl+niJwjJH4iPP094Fz336ZTT03X91fUGggWK0JuKjsNhXUAjdeg=="],

    "@swc-next/parser-binding-darwin-arm64": ["@swc-next/parser-binding-darwin-arm64@0.2.3", "", { "os": "darwin", "cpu": "arm64" }, "sha512-r1tfp7DXGgiPx3zMan+lUdQoHo5Do7sJz5eWfjIUmAodKgrd7ysx/fd6ORM+is7Ygfue6tavjTMTIcizlFWKtg=="],

    "@swc-next/parser-binding-darwin-x64": ["@swc-next/parser-binding-darwin-x64@0.2.3", "", { "os": "darwin", "cpu": "x64" }, "sha512-30sJp6S093q1aDgf2s8Kjccu2yai4LFR0kL+q/zTYKt2W2vAzAKrzxht6J/uLSr2F2QPv0aevlwpeKyy4vWTrg=="],

    "@swc-next/parser-binding-linux-arm64-gnu": ["@swc-next/parser-binding-linux-arm64-gnu@0.2.3", "", { "os": "linux", "cpu": "arm64" }, "sha512-Mjs/KC/Z5Psexk4QRYKfxRAXdMTFdMSlPS94K1dlqxQoHTNgrcJ9fwNXTY3yUhlpksKS5IVit8vZGLuUeYWJkQ=="],

    "@swc-next/parser-binding-linux-arm64-musl": ["@swc-next/parser-binding-linux-arm64-musl@0.2.3", "", { "os": "linux", "cpu": "arm64" }, "sha512-bLpwOr78RF6t2dqJvBwEEjcPOIeiNUjUnen5QdQjZISYGbBOcVbGaju9TB+t5sfduFqWpcTNFogKvq2FXkybDA=="],

    "@swc-next/parser-binding-linux-ppc64-gnu": ["@swc-next/parser-binding-linux-ppc64-gnu@0.2.3", "", { "os": "linux", "cpu": "ppc64" }, "sha512-sG4i17N7VSn26gL4snzwy3P/m935WEIMEbbXo2KxRufxtF+MU6kufaxpSOcmBr4qtqSvHyFiV4ZP2x8jUttFUw=="],

    "@swc-next/parser-binding-linux-riscv64-gnu": ["@swc-next/parser-binding-linux-riscv64-gnu@0.2.3", "", { "os": "linux", "cpu": "none" }, "sha512-ATG8DXPKtr0JvVzoG7gvofXXXrtQhplNhHGIlzXCh+WP6pD8oGc68adFwDqaRNVTv1IvnUGzVY6Wk8mhmUVoOQ=="],

    "@swc-next/parser-binding-linux-riscv64-musl": ["@swc-next/parser-binding-linux-riscv64-musl@0.2.3", "", { "os": "linux", "cpu": "none" }, "sha512-UJx6gJpxa7dBxwRGqnp4kX2emf5E8b8IBHFKYVl1zPgykx0wW/h6JiAcYh7k/46n/QKv2DEXF5GGXO1KISVUEQ=="],

    "@swc-next/parser-binding-linux-s390x-gnu": ["@swc-next/parser-binding-linux-s390x-gnu@0.2.3", "", { "os": "linux", "cpu": "s390x" }, "sha512-tT9K+ebno3Cd8cA9g6wNXZzgTDyhdgr0rEI/BorwlT+uuYlFGVR1fAULnln9dk1dbP5bOF3XVSa36d0giKPycw=="],

    "@swc-next/parser-binding-linux-x64-gnu": ["@swc-next/parser-binding-linux-x64-gnu@0.2.3", "", { "os": "linux", "cpu": "x64" }, "sha512-gD7OeCKcXy3i9dFUMWrUlP+y3aKJ+vvgW6N5iU5Lf6rZo52r8pWhiVZAaqlQx95J5V31htlINA04LtOZeL1sFA=="],

    "@swc-next/parser-binding-linux-x64-musl": ["@swc-next/parser-binding-linux-x64-musl@0.2.3", "", { "os": "linux", "cpu": "x64" }, "sha512-35t7PJmQ39pZ/UuqpXWNlNNL+Nu6gZY0+aPRpx6IsJCtpDT2gyZRqfNPsyGsoxWuGbfDaCZ+ajipaIka5GEVOw=="],

    "@swc-next/parser-binding-win32-arm64-msvc": ["@swc-next/parser-binding-win32-arm64-msvc@0.2.3", "", { "os": "win32", "cpu": "arm64" }, "sha512-hQc1jP21jqAuVqQ0X9VSVnAKuZ35RNq+Y2Zyks4rriXbrPVw9YD8CrLkxC/x0ZzvuYnv5Y+nZHkTYVfkfxZcZA=="],

    "@swc-next/parser-binding-win32-ia32-msvc": ["@swc-next/parser-binding-win32-ia32-msvc@0.2.3", "", { "os": "win32", "cpu": "ia32" }, "sha512-nQDCAMCN+AvFhcJbZExZOuKuJdA4jxQOECWNQbziuNNk4JcLJSKOQo4rFYU0L225scPl/w2MpVIkPjzyw/Ycnw=="],

    "@swc-next/parser-binding-win32-x64-msvc": ["@swc-next/parser-binding-win32-x64-msvc@0.2.3", "", { "os": "win32", "cpu": "x64" }, "sha512-fFTvDT1EbN+BDgmLL4H59iTA6XpphqQpW6MDCCiqyv+SfwK3QLf/NHWlXzxYYBaSvEnnoDKPvpPG+a9e0Gr5kg=="],

    "@swc/helpers": ["@swc/helpers@0.5.23", "", { "dependencies": { "tslib": "^2.8.0" } }, "sha512-5lSsMOTXURePglDfvuAQUqkGek9Hg2kksOYay2m0+XR++b2NWYL/4sWyuvVBIs8oKnJaxkdi9whaL/sqN13afw=="],

    "@tybys/wasm-util": ["@tybys/wasm-util@0.10.4", "", { "dependencies": { "tslib": "^2.4.0" } }, "sha512-W3c4gRigFS0T/Ma4qIYF3GDAc5AQdHb1yL5znJT1Zv1YaD9Kitx656wBjvr19qbiosmZT8lWDM5BEMynUqX65A=="],

    "@types/bun": ["@types/bun@1.4.2", "", { "dependencies": { "bun-types": "1.4.2" } }, "sha512-GimotNn7+ZV0uVArItBbriZsR1oNf0+WTzPkdcFrzShI7k2norL0uzEaJT8T33dWr7O/c9ZDuAFQrctKCi72oQ=="],

    "@types/chai": ["@types/chai@5.2.3", "", { "dependencies": { "@types/deep-eql": "*", "assertion-error": "^2.0.1" } }, "sha512-Mw558oeA9fFbv65/y4mHtXDs9bPnFMZAL/jxdPFUpOHHIXX91mcgEHbS5Lahr+pwZFR8A7GQleRWeI6cGFC2UA=="],

    "@types/deep-eql": ["@types/deep-eql@4.0.2", "", {}, "sha512-c9h9dVVMigMPc4bwTvC5dxqtqJZwQPePsWjPlpSOnojbor6pGqdk541lfA7AqFQr5pB1BRdq0juY9db81BwyFw=="],

    "@types/esrecurse": ["@types/esrecurse@4.3.1", "", {}, "sha512-xJBAbDifo5hpffDBuHl0Y8ywswbiAp/Wi7Y/GtAgSlZyIABppyurxVueOPE8LUQOxdlgi6Zqce7uoEpqNTeiUw=="],

    "@types/estree": ["@types/estree@1.0.9", "", {}, "sha512-GhdPgy1el4/ImP05X05Uw4cw2/M93BCUmnEvWZNStlCzEKME4Fkk+YpoA5OiHNQmoS7Cafb8Xa3Pya8m1Qrzeg=="],

    "@types/json-schema": ["@types/json-schema@7.0.15", "", {}, "sha512-5+fP8P8MFNC+AyZCDxrB2pkZFPGzqQWUzpSeuuVLvm8VMcorNYavBqoFcxK8bQz4Qsbn4oUEEem4wDLfcysGHA=="],

    "@types/node": ["@types/node@26.6.4", "", { "dependencies": { "undici-types": "~8.9.0" } }, "sha512-ldVPDCzj7fsaGZrLB0NuHuTvJcsNasysBAqMolr/cgxrLd1xbqxIr3XJiPnHHJUCxj5sNF1vnRj9aWnrVh5Jcg=="],

    "@typescript-eslint/types": ["@typescript-eslint/types@8.71.1", "", {}, "sha512-ybYnPTUwg3VQQOFEiBPLs8Jxl1ry2vXdn1kVKguomBbvxpetdu3MKTNDqFNUrlG8ylP9MpZosmXMFYlGQHk1oQ=="],

    "@typescript/typescript-aix-ppc64": ["@typescript/typescript-aix-ppc64@7.0.2", "", { "os": "aix", "cpu": "ppc64" }, "sha512-MTKKkWB7p/0E9xi1d1tHtZ5PiLkGEMIq88pK2CubZjOsLtYTLqhgIgi6zepFa+9GHZ6h05NMCkQxGKiPXMxXtQ=="],

    "@typescript/typescript-darwin-arm64": ["@typescript/typescript-darwin-arm64@7.0.2", "", { "os": "darwin", "cpu": "arm64" }, "sha512-gowzar9MwS/aRWp6f3a4KUqzRjAZjOsmGNCM6LcTgXum+dBfgsBVMN+AgvOCCbguXyick6LJhpBszxMebJ8syA=="],

    "@typescript/typescript-darwin-x64": ["@typescript/typescript-darwin-x64@7.0.2", "", { "os": "darwin", "cpu": "x64" }, "sha512-SZ9xZInqApNlNGc9s0W1VSsktYSOe9cFqNOIqmN1Gs8SmkjKZYFt017G4VwPxASInODuAdbTW7sXiFUf893RgA=="],

    "@typescript/typescript-freebsd-arm64": ["@typescript/typescript-freebsd-arm64@7.0.2", "", { "os": "freebsd", "cpu": "arm64" }, "sha512-W5NH4y/J0plIIS5b2xvTEkU7JFxyqdMAOgf+Ilhl0vHQXKO5dZoxd+C/jEtq56c4F3wk71RB4BMRQ2XdI+bwYQ=="],

    "@typescript/typescript-freebsd-x64": ["@typescript/typescript-freebsd-x64@7.0.2", "", { "os": "freebsd", "cpu": "x64" }, "sha512-UMGDx5sTpzNw3WiPebH7l90IWfJggEd+egHt/q6p7/Cm3zqoV7VxkGXt+3DxPIw8CcmvAB0j3sVVfbhX+M4Tpw=="],

    "@typescript/typescript-linux-arm": ["@typescript/typescript-linux-arm@7.0.2", "", { "os": "linux", "cpu": "arm" }, "sha512-gffT3xPz9sR7j/YJExkyPntrI0P2EP9XbOyWzth2/Gs0RstK+90RBcO0ncXoXy/beYll1SXw846Nf2zdnEz0QQ=="],

    "@typescript/typescript-linux-arm64": ["@typescript/typescript-linux-arm64@7.0.2", "", { "os": "linux", "cpu": "arm64" }, "sha512-Qh4eU4/y3yDjnfjjyPYihMj5/ODIlmt+Bzu17OI+fiSRDW57QmU5SiN63exPRNJPKUzcc1INa1NXdrJ+MqHjUQ=="],

    "@typescript/typescript-linux-loong64": ["@typescript/typescript-linux-loong64@7.0.2", "", { "os": "linux", "cpu": "none" }, "sha512-uEHck9i8hoAzXPiYRib1O7miOnz23SxIeVl6F4LXox+qov1K35jHcEW6VHKvZI+pyvl7fZEP4MCU5LYvIq1GuQ=="],

    "@typescript/typescript-linux-mips64el": ["@typescript/typescript-linux-mips64el@7.0.2", "", { "os": "linux", "cpu": "none" }, "sha512-R4KvAMnE43W5Qeqb0Ly56O3mWMWIAgsMyz36DCaycd5nbg/9kzm0liw3JocfRqyJY0KPmzFjbswozXyW0DnIYA=="],

    "@typescript/typescript-linux-ppc64": ["@typescript/typescript-linux-ppc64@7.0.2", "", { "os": "linux", "cpu": "ppc64" }, "sha512-DORx5b3sd/4S7eayxm4FQv+A7CrkUIGRaHiwI8oiHTAI1fAPWhF4J0vAlkC8biAlHSVVwxMQ3tjZ2/DVbnQiiA=="],

    "@typescript/typescript-linux-riscv64": ["@typescript/typescript-linux-riscv64@7.0.2", "", { "os": "linux", "cpu": "none" }, "sha512-wf0jqEDOjrPRnKwYRyyJDRo11KMbvMFrU+q4zqKyChODBzvlkbhNQfKvLxQCcwTpdDaXSHZTVuh0JoCrKCUMHQ=="],

    "@typescript/typescript-linux-s390x": ["@typescript/typescript-linux-s390x@7.0.2", "", { "os": "linux", "cpu": "s390x" }, "sha512-IkwJc3L7yhytWd/ewjyxNDfOmswCm9GWMJT/ue/dU4aZNbwZeYAetq42VyLmsmSjvoX7z74X6ZaYCtzAr0EuGw=="],

    "@typescript/typescript-linux-x64": ["@typescript/typescript-linux-x64@7.0.2", "", { "os": "linux", "cpu": "x64" }, "sha512-EYdf2cNg7rgCWJnxCdJ+F3V39O8ihb37eHAu1LK8oAFizgTQbPOK7zHHXbPt8rX24COqODXeI3sIf0fCXG7H/A=="],

    "@typescript/typescript-netbsd-arm64": ["@typescript/typescript-netbsd-arm64@7.0.2", "", { "os": "none", "cpu": "arm64" }, "sha512-+polYF4MF04aPpO5FTkHran9yUQDSXqy5GiSDKpsll5jy3l3+g9QLhpf39T+ePtefhXLOGrLl0QIjkQP6VnelA=="],

    "@typescript/typescript-netbsd-x64": ["@typescript/typescript-netbsd-x64@7.0.2", "", { "os": "none", "cpu": "x64" }, "sha512-8YIT0EHM/3dq10ZOVF/A7pc/YSMtbcecct4rWtexrnSCHOPcpC2KTLXfTCR6vDpnSiY12heNb1GiN/wu+T/FyA=="],

    "@typescript/typescript-openbsd-arm64": ["@typescript/typescript-openbsd-arm64@7.0.2", "", { "os": "openbsd", "cpu": "arm64" }, "sha512-APT8+ClYnuYm1u9+kgGXoMj2VzWzcymwh2gNSQVySHfkRDGOTVkoWLjCmOQSaO+PoqQ57B0flRp9SA+7GnnkzQ=="],

    "@typescript/typescript-openbsd-x64": ["@typescript/typescript-openbsd-x64@7.0.2", "", { "os": "openbsd", "cpu": "x64" }, "sha512-yX7s+Q0Dln0Dt9tEzZsAjXXR/+ytBM7AlglaqyeMPxQszJ1JhlJdZ6jLA+IzldHtflX81em7lDao1xXu+aRRkg=="],

    "@typescript/typescript-sunos-x64": ["@typescript/typescript-sunos-x64@7.0.2", "", { "os": "sunos", "cpu": "x64" }, "sha512-dLJDGaLZ1D4HPQn62u1n8mBDkJREwMsAkCdkwd4Ieqw+x3TUyTsqY0YiBCtE6H6OzzgGk3iuZ3vFWRS+E8/d1g=="],

    "@typescript/typescript-win32-arm64": ["@typescript/typescript-win32-arm64@7.0.2", "", { "os": "win32", "cpu": "arm64" }, "sha512-Gyl1Vy6OsWesLzmq+EP0Fb7b4Nid5232AvcA2SFcdYreldpNtYFFofPjnt62y9hQy7VTaZp65ICJjuAQRaVcIQ=="],

    "@typescript/typescript-win32-x64": ["@typescript/typescript-win32-x64@7.0.2", "", { "os": "win32", "cpu": "x64" }, "sha512-0BQ3HkAHHlKLSp1qRvf3SUhGpGsDuhB/jgFw75guyqbxJqEaS0Cw/VFO8i2nHglJUzQCRtMMR/IBAKE3ETMC4g=="],

    "acorn": ["acorn@8.19.0", "", { "bin": { "acorn": "bin/acorn" } }, "sha512-oJlA3XiRm7Cyk6qFD2Jn8ak9B7jSy0qy00ADO3+8dpT0LSjFihQYv4C02LFCSYJV3Q37xYwwRy5m+IpIiUzqWw=="],

    "acorn-jsx": ["acorn-jsx@5.3.2", "", { "peerDependencies": { "acorn": "^6.0.0 || ^7.0.0 || ^8.0.0" } }, "sha512-rq9s+JNhf0IChjtDXxllJ7g41oZk5SlXtp0LHwyA5cejwn7vKmKp4pPri6YEePv2PU65sAsegbXtIinmDFDXgQ=="],

    "ajv": ["ajv@6.15.0", "", { "dependencies": { "fast-deep-equal": "^3.1.1", "fast-json-stable-stringify": "^2.0.0", "json-schema-traverse": "^0.4.1", "uri-js": "^4.2.2" } }, "sha512-fgFx7Hfoq60ytK2c7DhnF8jIvzYgOMxfugjLOSMHjLIPgenqa7S7oaagATUq99mV6IYvN2tRmC0wnTYX6iPbMw=="],

    "assertion-error": ["assertion-error@2.0.1", "", {}, "sha512-Izi8RQcffqCeNVgFigKli1ssklIbpHnCYc6AknXGYoB6grJqyeby7jv12JUQgmTAnIDnbck1uxksT4dzN3PWBA=="],

    "balanced-match": ["balanced-match@4.0.4", "", {}, "sha512-BLrgEcRTwX2o6gGxGOCNyMvGSp35YofuYzw9h1IMTRmKqttAZZVU67bdb9Pr2vUHA8+j3i2tJfjO6C6+4myGTA=="],

    "brace-expansion": ["brace-expansion@5.0.12", "", { "dependencies": { "balanced-match": "^4.0.2" } }, "sha512-YovQ3rzhaLMIrDjNDMkNS01tea93qhEhG5xy8f6+R0l+dw3Ki+5sCoIoI942iuLZTHWogWktgwVDhU09iNEimQ=="],

    "bun-types": ["bun-types@1.4.2", "", { "dependencies": { "@types/node": "*" } }, "sha512-bxV1FgK7yBIzjRe5zBozIM4Bem11ZJcCXSrjWRG3YWLt8yFDePu4cLjpebO8OvPeIE9trbyPF4fuj3Cia4Fj3w=="],

    "cacheable": ["cacheable@2.5.0", "", { "dependencies": { "@cacheable/memory": "^2.2.0", "@cacheable/utils": "^2.5.0", "hookified": "^1.15.0", "keyv": "^5.6.0", "qified": "^0.10.1" } }, "sha512-60cyAOytib/OzBw1JNSoSV/boK1AtHryDIjvVBk7XbN4ugfkM3+Sry7fEjNgPMGgOjuaZPAp8ruZ0Cxafwyq9g=="],

    "cjs-module-lexer": ["cjs-module-lexer@2.3.0", "", {}, "sha512-lmNyBzi6iYiqyrExTctfmjd8tInx+dHu9PBomTfH5RXS53c27JMFJgzNv5TyAnm3PgGf+MLy0+Ws41/HlVxdKQ=="],

    "cross-spawn": ["cross-spawn@7.0.6", "", { "dependencies": { "path-key": "^3.1.0", "shebang-command": "^2.0.0", "which": "^2.0.1" } }, "sha512-uV2QOWP2nWzsy2aMp8aRibhi9dlzF5Hgh5SHaB9OiTGEyDTiJJyx0uy51QXdyWbtAHNua4XJzUKca3OzKUd3vA=="],

    "debug": ["debug@4.4.3", "", { "dependencies": { "ms": "^2.1.3" }, "peerDependencies": { "supports-color": "*" }, "optionalPeers": ["supports-color"] }, "sha512-RGwwWnwQvkVfavKVt22FGLw+xYSdzARwm0ru6DhTVA3umU5hZc28V3kO4stgYryrTlLpuvgI9GiijltAjNbcqA=="],

    "deep-is": ["deep-is@0.1.4", "", {}, "sha512-oIPzksmTg4/MriiaYGO+okXDT7ztn/w3Eptv/+gSIdMdKsJo0u4CfYNFJPy+4SKMuCqGw2wxnA+URMg3t8a/bQ=="],

    "escape-string-regexp": ["escape-string-regexp@4.0.0", "", {}, "sha512-TtpcNJ3XAzx3Gq8sWRzJaVajRs0uVxA2YAkdb1jm2YkPz4G6egUFAyA3n5vtEIZefPk5Wa4UXbKuS5fKkJWdgA=="],

    "eslint": ["eslint@10.12.0", "", { "dependencies": { "@eslint-community/eslint-utils": "^4.8.0", "@eslint-community/regexpp": "^4.12.2", "@eslint/config-array": "^0.23.5", "@eslint/config-helpers": "^0.7.0", "@eslint/core": "^1.2.1", "@eslint/plugin-kit": "^0.7.3", "@humanfs/node": "^0.16.6", "@humanwhocodes/module-importer": "^1.0.1", "@humanwhocodes/retry": "^0.4.2", "@types/estree": "^1.0.6", "ajv": "^6.14.0", "cross-spawn": "^7.0.6", "debug": "^4.3.2", "escape-string-regexp": "^4.0.0", "eslint-scope": "^9.1.2", "eslint-visitor-keys": "^5.0.1", "espree": "^11.2.0", "esquery": "^1.7.0", "esutils": "^2.0.2", "fast-deep-equal": "^3.1.3", "file-entry-cache": "11.1.5 || >11.1.6 <12", "find-up": "^5.0.0", "glob-parent": "^6.0.2", "ignore": "^5.2.0", "imurmurhash": "^0.1.4", "is-glob": "^4.0.0", "json-stable-stringify-without-jsonify": "^1.0.1", "minimatch": "^10.2.5", "natural-compare": "^1.4.0", "optionator": "^0.9.3" }, "peerDependencies": { "jiti": "*" }, "optionalPeers": ["jiti"], "bin": { "eslint": "bin/eslint.js" } }, "sha512-npHjrHb2o4ehH3mE+YuxABR+0gyb0aVWCIolgJDArwCiHEIsonBm3ZKjel5b0U5+a+MbEvIyRCGCzD3eKKK2NA=="],

    "eslint-scope": ["eslint-scope@9.1.2", "", { "dependencies": { "@types/esrecurse": "^4.3.1", "@types/estree": "^1.0.8", "esrecurse": "^4.3.0", "estraverse": "^5.2.0" } }, "sha512-xS90H51cKw0jltxmvmHy2Iai1LIqrfbw57b79w/J7MfvDfkIkFZ+kj6zC3BjtUwh150HsSSdxXZcsuv72miDFQ=="],

    "eslint-visitor-keys": ["eslint-visitor-keys@4.2.1", "", {}, "sha512-Uhdk5sfqcee/9H/rCOJikYz67o0a2Tw2hGRPOG2Y1R2dg7brRe1uG0yaNQDHu+TO/uQPF/5eCapvYSmHUjt7JQ=="],

    "espree": ["espree@10.4.0", "", { "dependencies": { "acorn": "^8.15.0", "acorn-jsx": "^5.3.2", "eslint-visitor-keys": "^4.2.1" } }, "sha512-j6PAQ2uUr79PZhBjP5C5fhl8e39FmRnOjsD5lGnWrFU8i2G776tBK7+nP8KuQUTTyAZUwfQqXAgrVH5MbH9CYQ=="],

    "esquery": ["esquery@1.7.0", "", { "dependencies": { "estraverse": "^5.1.0" } }, "sha512-Ap6G0WQwcU/LHsvLwON1fAQX9Zp0A2Y6Y/cJBl9r/JbW90Zyg4/zbG6zzKa2OTALELarYHmKu0GhpM5EO+7T0g=="],

    "esrecurse": ["esrecurse@4.3.0", "", { "dependencies": { "estraverse": "^5.2.0" } }, "sha512-KmfKL3b6G+RXvP8N1vr3Tq1kL/oCFgn2NYXEtqP8/L3pKapUA4G8cFVaoF3SU323CD4XypR/ffioHmkti6/Tag=="],

    "estraverse": ["estraverse@5.3.0", "", {}, "sha512-MMdARuVEQziNTeJD8DgMqmhwR11BRQ/cBP+pLtYdSTnf3MIO8fFeiINEbX36ZdNlfU/7A9f3gUw49B3oQsvwBA=="],

    "esutils": ["esutils@2.0.3", "", {}, "sha512-kVscqXk4OCp68SZ0dkgEKVi6/8ij300KBWTJq32P/dYeWTSwK41WyTxalN1eRmA5Z9UU/LX9D7FWSmV9SAYx6g=="],

    "fast-deep-equal": ["fast-deep-equal@3.1.3", "", {}, "sha512-f3qQ9oQy9j2AhBe/H9VC91wLmKBCCU/gDOnKNAYG5hswO7BLKj09Hc5HYNz9cGI++xlpDCIgDaitVs03ATR84Q=="],

    "fast-json-stable-stringify": ["fast-json-stable-stringify@2.1.0", "", {}, "sha512-lhd/wF+Lk98HZoTCtlVraHtfh5XYijIjalXck7saUtuanSDyLMxnHhSXEDJqHxD7msR8D0uCmqlkwjCV8xvwHw=="],

    "fast-levenshtein": ["fast-levenshtein@2.0.6", "", {}, "sha512-DCXu6Ifhqcks7TZKY3Hxp3y6qphY5SJZmrWMDrKcERSOXWQdMhU9Ig/PYrzyw/ul9jOIyh0N4M0tbC5hodg8dw=="],

    "file-entry-cache": ["file-entry-cache@11.1.5", "", { "dependencies": { "flat-cache": "^6.1.23" } }, "sha512-+PFTHITI08JIGhnNpGNI8T8inUpgZfk3GNEqfT9R2zZV2iFXg3CvqzSl/uEhs7TSGujYRELEANyDvS8Fj7+S7Q=="],

    "find-up": ["find-up@5.0.0", "", { "dependencies": { "locate-path": "^6.0.0", "path-exists": "^4.0.0" } }, "sha512-78/PXT1wlLLDgTzDs7sjq9hzz0vXD+zn+7wypEe4fXQxCmdmqfGsEPQxmiCSQI3ajFV91bVSsvNtrJRiW6nGng=="],

    "flat-cache": ["flat-cache@6.1.23", "", { "dependencies": { "cacheable": "^2.5.0", "flatted": "^3.4.2", "hookified": "^1.15.0" } }, "sha512-f++BY9pTk+983xK1FLzlLpmM0i0z+jHmx3QESGkURMXujQZz1k5wzwX6hjnQ8goaD0B+sYnDK1yZ6MTyZfUaqA=="],

    "flatted": ["flatted@3.4.4", "", {}, "sha512-5+ybhBZANEJxaH3X5evAFatUxLfEHSr7n6kYJ+1Qd0mUqr4eu9gIf6GDbWHf8RJijHrjjO8G+la14SlL2SeS1Q=="],

    "glob-parent": ["glob-parent@6.0.2", "", { "dependencies": { "is-glob": "^4.0.3" } }, "sha512-XxwI8EOhVQgWp6iDL+3b0r86f4d6AX6zSU55HfB4ydCEuXLXc5FcYeOu+nnGftS4TEju/11rt4KJPTMgbfmv4A=="],

    "hashery": ["hashery@1.5.1", "", { "dependencies": { "hookified": "^1.15.0" } }, "sha512-iZyKG96/JwPz1N55vj2Ie2vXbhu440zfUfJvSwEqEbeLluk7NnapfGqa7LH0mOsnDxTF85Mx8/dyR6HfqcbmbQ=="],

    "highlight.js": ["highlight.js@11.12.0", "", {}, "sha512-nbfWpyRMcMrPMmDwJB+dhX/eiaPKtc2RB+0QZskqJ3WjRA/FDS0e9hZrx8EC/lbEv8gXy98FcDbNa/dspAaJMg=="],

    "hookified": ["hookified@1.15.1", "", {}, "sha512-MvG/clsADq1GPM2KGo2nyfaWVyn9naPiXrqIe4jYjXNZQt238kWyOGrsyc/DmRAQ+Re6yeo6yX/yoNCG5KAEVg=="],

    "ignore": ["ignore@5.3.2", "", {}, "sha512-hsBTNUqQTDwkWtcdYI2i06Y/nUBEsNEDJKjWdigLvegy8kDuJAS8uRlpkkcQpyEXL0Z/pjDy5HBmMjRCJ2gq+g=="],

    "imurmurhash": ["imurmurhash@0.1.4", "", {}, "sha512-JmXMZ6wuvDmLiHEml9ykzqO6lwFbof0GG4IkcGaENdCRDDmMVnny7s5HsIgHCbaq0w2MyPhDqkhTUgS2LU2PHA=="],

    "is-extglob": ["is-extglob@2.1.1", "", {}, "sha512-SbKbANkN603Vi4jEZv49LeVJMn4yGwsbzZworEoyEiutsN3nJYdbO36zfhGJ6QEDpOZIFkDtnq5JRxmvl3jsoQ=="],

    "is-glob": ["is-glob@4.0.3", "", { "dependencies": { "is-extglob": "^2.1.1" } }, "sha512-xelSayHH36ZgE7ZWhli7pW34hNbNl8Ojv5KVmkJD4hBdD3th8Tfk9vYasLM+mXWOZhFkgZfxhLSnrwRr4elSSg=="],

    "isexe": ["isexe@2.0.0", "", {}, "sha512-RHxMLp9lnKHGHRng9QFhRCMbYAcVpn69smSGcq3f36xjgVVWThj4qqLbTLlq7Ssj8B+fIQ1EuCEGI2lKsyQeIw=="],

    "json-schema-traverse": ["json-schema-traverse@0.4.1", "", {}, "sha512-xbbCH5dCYU5T8LcEhhuh7HJ88HXuW3qsI3Y0zOZFKfZEHcpWiHU/Jxzk629Brsab/mMiHQti9wMP+845RPe3Vg=="],

    "json-stable-stringify-without-jsonify": ["json-stable-stringify-without-jsonify@1.0.1", "", {}, "sha512-Bdboy+l7tA3OGW6FjyFHWkP5LuByj1Tk33Ljyq0axyzdk9//JSi2u3fP1QSmd1KNwq6VOKYGlAu87CisVir6Pw=="],

    "keyv": ["keyv@5.6.0", "", { "dependencies": { "@keyv/serialize": "^1.1.1" } }, "sha512-CYDD3SOtsHtyXeEORYRx2qBtpDJFjRTGXUtmNEMGyzYOKj1TE3tycdlho7kA1Ufx9OYWZzg52QFBGALTirzDSw=="],

    "levn": ["levn@0.4.1", "", { "dependencies": { "prelude-ls": "^1.2.1", "type-check": "~0.4.0" } }, "sha512-+bT2uH4E5LGE7h/n3evcS/sQlJXCpIp6ym8OWJ5eV6+67Dsql/LaaT7qJBAt2rzfoa/5QBGBhxDix1dMt2kQKQ=="],

    "locate-path": ["locate-path@6.0.0", "", { "dependencies": { "p-locate": "^5.0.0" } }, "sha512-iPZK6eYjbxRu3uB4/WZ3EsEIMJFMqAoopl3R+zuq0UjcAm/MO6KCweDgPfP3elTztoKP3KtnVHxTn2NHBSDVUw=="],

    "marked": ["marked@18.1.0", "", { "bin": { "marked": "bin/marked.js" } }, "sha512-PamYXWWWg2nboG3oX5Ffzpy3EFZROqZJK9hSlMmUnekp7TxPs5DcT95vwd46m73/exfKCRVMtgXoPMI4FEJL6w=="],

    "minimatch": ["minimatch@10.2.6", "", { "dependencies": { "brace-expansion": "^5.0.8" } }, "sha512-vpLQEs+VLCr1nU0BXS07maYoFwlDAH0gngQuuttxIwutDFEMHq2blX+8vpgxDdK3J1PwjCJiep77OitTZ4Ll1A=="],

    "ms": ["ms@2.1.3", "", {}, "sha512-6FlzubTLZG3J2a/NVCAleEhjzq5oxgHyaCU9yYXvcLsvoVaHJq/s5xXI6/XXP6tz7R9xAOtHnSO/tXtF3WRTlA=="],

    "natural-compare": ["natural-compare@1.4.0", "", {}, "sha512-OWND8ei3VtNC9h7V60qff3SVobHr996CTwgxubgyQYEpg290h9J0buyECNNJexkFm5sOajh5G116RYA1c8ZMSw=="],

    "optionator": ["optionator@0.9.4", "", { "dependencies": { "deep-is": "^0.1.3", "fast-levenshtein": "^2.0.6", "levn": "^0.4.1", "prelude-ls": "^1.2.1", "type-check": "^0.4.0", "word-wrap": "^1.2.5" } }, "sha512-6IpQ7mKUxRcZNLIObR0hz7lxsapSSIYNZJwXPGeF0mTVqGKFIXj1DQcMoT22S3ROcLyY/rz0PWaWZ9ayWmad9g=="],

    "p-limit": ["p-limit@3.1.0", "", { "dependencies": { "yocto-queue": "^0.1.0" } }, "sha512-TYOanM3wGwNGsZN2cVTYPArw454xnXj5qmWF1bEoAc4+cU/ol7GVh7odevjp1FNHduHc3KZMcFduxU5Xc6uJRQ=="],

    "p-locate": ["p-locate@5.0.0", "", { "dependencies": { "p-limit": "^3.0.2" } }, "sha512-LaNjtRWUBY++zB5nE/NwcaoMylSPk+S+ZHNB1TzdbMJMny6dynpAGt7X/tl/QYq3TIeE6nxHppbo2LGymrG5Pw=="],

    "path-exists": ["path-exists@4.0.0", "", {}, "sha512-ak9Qy5Q7jYb2Wwcey5Fpvg2KoAc/ZIhLSLOSBmRmygPsGwkVVt0fZa0qrtMz+m6tJTAHfZQ8FnmB4MG4LWy7/w=="],

    "path-key": ["path-key@3.1.1", "", {}, "sha512-ojmeN0qd+y0jszEtoY48r0Peq5dwMEkIlCOu6Q5f41lfkswXuKtYrhgoTpLnyIcHm24Uhqx+5Tqm2InSwLhE6Q=="],

    "picomatch": ["picomatch@4.0.7", "", {}, "sha512-qcJu88Q2IWqJsDD529JKMdwGm/dvInW4HvQnRwiH9JtihJvzGOscDtHE3x1pBKeUOTysQ8kVmLnJ2kJu7yhcGA=="],

    "preact": ["preact@11.0.1", "", { "peerDependencies": { "preact-render-to-string": ">=6.7.0" }, "optionalPeers": ["preact-render-to-string"] }, "sha512-TNNwEq++jYNHy747LziCjPRVgEwnLSOIOAw/oYcjI3Tdnubx2EXtt76I0an8PATvUWtx/DX1kFIg1eFN+O/fkw=="],

    "prelude-ls": ["prelude-ls@1.2.1", "", {}, "sha512-vkcDPrRZo1QZLbn5RLGPpg/WmIQ65qoWWhcGKf/b5eplkkarX0m9z8ppCat4mlOqUsWpyNuYgO3VRyrYHSzX5g=="],

    "prettier": ["prettier@3.9.9", "", { "bin": { "prettier": "bin/prettier.cjs" } }, "sha512-Z/CJHIkdujO/OtN7nXUii0Rf3VT5SRuhjBA82Xvu2XhBUgX3nhP67T0LHceBdQLex7OOFGTox+Q5Yg8Jk2Qivg=="],

    "punycode": ["punycode@2.3.1", "", {}, "sha512-vYt7UD1U9Wg6138shLtLOvdAu+8DsC/ilFtEVHcH+wydcSpNE20AfSOduf6MkRFahL5FY7X1oU7nKVZFtfq8Fg=="],

    "qified": ["qified@0.10.1", "", { "dependencies": { "hookified": "^2.1.1" } }, "sha512-+Owyggi9IxT1ePKGafcI87ubSmxol6smwJ+RAHDQlx9+9cPwFWDiKFFCPuWhr9ignlGpZ9vDQLw67N4dcTVFEA=="],

    "rsbuild-plugin-dts": ["rsbuild-plugin-dts@1.0.3", "", { "dependencies": { "@ast-grep/napi": "0.45.3" }, "peerDependencies": { "@microsoft/api-extractor": "^7", "@rsbuild/core": "^2.0.0", "typescript": "^5 || ^6 || ^7" }, "optionalPeers": ["@microsoft/api-extractor", "typescript"] }, "sha512-wVxMYvWmVPam6SeZsz8OixHm+4JPfLJAAMTD0Q2te2SxksvjuHC3wuvU12teSmloQ3nFX1YC6guNzuYqDYw+vQ=="],

    "rstack": ["rstack@0.8.1", "", { "dependencies": { "@rsbuild/core": "~2.2.11", "@rslib/core": "~1.0.2", "@rslint/core": "0.9.3", "@rstest/core": "~0.12.2", "@swc-next/parser": "0.2.3", "prettier": "3.9.9", "tinypool": "2.2.0" }, "optionalDependencies": { "@rstackjs/cli-darwin-arm64": "0.8.1", "@rstackjs/cli-darwin-x64": "0.8.1", "@rstackjs/cli-linux-arm64-gnu": "0.8.1", "@rstackjs/cli-linux-arm64-musl": "0.8.1", "@rstackjs/cli-linux-ppc64-gnu": "0.8.1", "@rstackjs/cli-linux-riscv64-gnu": "0.8.1", "@rstackjs/cli-linux-riscv64-musl": "0.8.1", "@rstackjs/cli-linux-s390x-gnu": "0.8.1", "@rstackjs/cli-linux-x64-gnu": "0.8.1", "@rstackjs/cli-linux-x64-musl": "0.8.1", "@rstackjs/cli-win32-arm64-msvc": "0.8.1", "@rstackjs/cli-win32-ia32-msvc": "0.8.1", "@rstackjs/cli-win32-x64-msvc": "0.8.1" }, "peerDependencies": { "@rspress/core": "^2.0.17" }, "optionalPeers": ["@rspress/core"], "bin": { "rs": "./bin/rs.js", "rstack": "./bin/rs.js" } }, "sha512-TUTzNr2PGO0B6i18nPS4DJjXI9W/vbscGHe2IkCn/vWEcYsAUzuMbNvt+BPJK06GCODbkz5dQKrI2vJK2tLlgQ=="],

    "shebang-command": ["shebang-command@2.0.0", "", { "dependencies": { "shebang-regex": "^3.0.0" } }, "sha512-kHxr2zZpYtdmrN1qDjrrX/Z1rR1kG8Dx+gkpK1G4eXmvXswmcE1hTWBWYUzlraYw1/yZp6YuDY77YtvbN0dmDA=="],

    "shebang-regex": ["shebang-regex@3.0.0", "", {}, "sha512-7++dFhtcx3353uBaq8DDR4NuxBetBzC7ZQOhmTQInHEd6bSrXdiEyzCvG07Z44UYdLShWUyXt5M/yhz8ekcb1A=="],

    "tinypool": ["tinypool@2.2.0", "", {}, "sha512-jBrmx4lYmaC9k/mgPbylxs7kBUxHtD8256up+HjLaDFfXScKJQyil+SWXSvhAtT7XHo+yTVlpB81PGmHP8oLSQ=="],

    "tslib": ["tslib@2.8.1", "", {}, "sha512-oJFu94HQb+KVduSUQL7wnpmqnfmLsOA/nAh6b6EH0wCEoK0/mPeXU6c3wKDV83MkOuHPRHtSXKKU99IBazS/2w=="],

    "type-check": ["type-check@0.4.0", "", { "dependencies": { "prelude-ls": "^1.2.1" } }, "sha512-XleUoc9uwGXqjWwXaUTZAmzMcFZ5858QA2vvx1Ur5xIcixXIP+8LnFDgRplU30us6teqdlskFfu+ae4K79Ooew=="],

    "typescript": ["typescript@7.0.2", "", { "optionalDependencies": { "@typescript/typescript-aix-ppc64": "7.0.2", "@typescript/typescript-darwin-arm64": "7.0.2", "@typescript/typescript-darwin-x64": "7.0.2", "@typescript/typescript-freebsd-arm64": "7.0.2", "@typescript/typescript-freebsd-x64": "7.0.2", "@typescript/typescript-linux-arm": "7.0.2", "@typescript/typescript-linux-arm64": "7.0.2", "@typescript/typescript-linux-loong64": "7.0.2", "@typescript/typescript-linux-mips64el": "7.0.2", "@typescript/typescript-linux-ppc64": "7.0.2", "@typescript/typescript-linux-riscv64": "7.0.2", "@typescript/typescript-linux-s390x": "7.0.2", "@typescript/typescript-linux-x64": "7.0.2", "@typescript/typescript-netbsd-arm64": "7.0.2", "@typescript/typescript-netbsd-x64": "7.0.2", "@typescript/typescript-openbsd-arm64": "7.0.2", "@typescript/typescript-openbsd-x64": "7.0.2", "@typescript/typescript-sunos-x64": "7.0.2", "@typescript/typescript-win32-arm64": "7.0.2", "@typescript/typescript-win32-x64": "7.0.2" }, "bin": { "tsc": "bin/tsc" } }, "sha512-8FYau96o3NKOhbjKi/qNvG/W5jhzxkbdm5sj9AbZ/5T5sWqn3hJgLfGx27sRKZWTvyzCP8dLRBTf5tBTSRVUNA=="],

    "undici-types": ["undici-types@8.9.0", "", {}, "sha512-KTDyRTYX8sWmKXAikPHHSyc63CRPETMctyjKFupcC6OBLXT3xsN0e9aF7m+mIXutFWpUXuedtowG7iLOzp0kQg=="],

    "uqr": ["uqr@0.1.3", "", {}, "sha512-0rjE8iEJe4YmT9TOhwsZtqCMRLc5DXZUI2UEYUUg63ikBkqqE5EYWaI0etFe/5KUcmcYwLih2RND1kq+hrUJXA=="],

    "uri-js": ["uri-js@4.4.1", "", { "dependencies": { "punycode": "^2.1.0" } }, "sha512-7rKUyy33Q1yc98pQ1DAmLtwX109F7TIfWlW1Ydo8Wl1ii1SeHieeh0HHfPeL2fMXK6z0s8ecKs9frCuLJvndBg=="],

    "which": ["which@2.0.2", "", { "dependencies": { "isexe": "^2.0.0" }, "bin": { "node-which": "./bin/node-which" } }, "sha512-BLI3Tl1TW3Pvl70l3yq3Y64i+awpwXqsGBYWkkqMtnbXgrMD+yj7rhW0kuEDxzJaYXGjEW5ogapKNMEKNMjibA=="],

    "word-wrap": ["word-wrap@1.2.5", "", {}, "sha512-BN22B5eaMMI9UMtjrGd5g5eCYPpCPDUy0FJXbYsaT5zYxjFOckS53SQDE3pWkVoWpHXVb3BrYcEN4Twa55B5cA=="],

    "yocto-queue": ["yocto-queue@0.1.0", "", {}, "sha512-rVksvsnNCdJ/ohGc6xgPwyN8eheCxsiLM8mxuE/t/mOVqJewPuO1miLpTHQiRgTKCLexL4MeAFVagts7HmNZ2Q=="],

    "@eslint-community/eslint-utils/eslint-visitor-keys": ["eslint-visitor-keys@3.4.3", "", {}, "sha512-wpc+LXeiyiisxPlEkUzU6svyS1frIO3Mgxj1fdy7Pm8Ygzguax2N3Fa/D/ag1WqbOprdI+uY6wMUl8/a2G+iag=="],

    "eslint/eslint-visitor-keys": ["eslint-visitor-keys@5.0.1", "", {}, "sha512-tD40eHxA35h0PEIZNeIjkHoDR4YjjJp34biM0mDvplBe//mB+IHCqHDGV7pxF+7MklTvighcCPPZC7ynWyjdTA=="],

    "eslint/espree": ["espree@11.2.0", "", { "dependencies": { "acorn": "^8.16.0", "acorn-jsx": "^5.3.2", "eslint-visitor-keys": "^5.0.1" } }, "sha512-7p3DrVEIopW1B1avAGLuCSh1jubc01H2JHc8B4qqGblmg5gI9yumBgACjWo4JlIc04ufug4xJ3SQI8HkS/Rgzw=="],

    "qified/hookified": ["hookified@2.2.0", "", {}, "sha512-p/LgFzRN5FeoD3DLS6bkUapeye6E4SI6yJs6KetENd18S+FBthqYq2amJUWpt5z0EQwwHemidjY5OqJGEKm5uA=="],
  }
}
